
Microsoft Visual Studio Solution File, Format Version 12.00
Project("{FAE04EC0-301F-11D3-BF4B-00C04F79EFBC}") = "BBZW M320", "BBZW M320\BBZW M320.csproj", "{6C351131-AA5D-44D0-88C7-801709057E4A}"
EndProject
Project("{FAE04EC0-301F-11D3-BF4B-00C04F79EFBC}") = "ClassLibrary1", "ClassLibrary1\ClassLibrary1.csproj", "{6E903750-1757-4EC2-A774-553FD664BE6F}"
EndProject
Global
	GlobalSection(SolutionConfigurationPlatforms) = preSolution
		Debug|Any CPU = Debug|Any CPU
		Release|Any CPU = Release|Any CPU
	EndGlobalSection
	GlobalSection(ProjectConfigurationPlatforms) = postSolution
		{6C351131-AA5D-44D0-88C7-801709057E4A}.Debug|Any CPU.ActiveCfg = Debug|Any CPU
		{6C351131-AA5D-44D0-88C7-801709057E4A}.Debug|Any CPU.Build.0 = Debug|Any CPU
		{6C351131-AA5D-44D0-88C7-801709057E4A}.Release|Any CPU.ActiveCfg = Release|Any CPU
		{6C351131-AA5D-44D0-88C7-801709057E4A}.Release|Any CPU.Build.0 = Release|Any CPU
		{6E903750-1757-4EC2-A774-553FD664BE6F}.Debug|Any CPU.ActiveCfg = Debug|Any CPU
		{6E903750-1757-4EC2-A774-553FD664BE6F}.Debug|Any CPU.Build.0 = Debug|Any CPU
		{6E903750-1757-4EC2-A774-553FD664BE6F}.Release|Any CPU.ActiveCfg = Release|Any CPU
		{6E903750-1757-4EC2-A774-553FD664BE6F}.Release|Any CPU.Build.0 = Release|Any CPU
	EndGlobalSection
EndGlobal
